lockfileVersion: '9.0'

settings:
  autoInstallPeers: true
  excludeLinksFromLockfile: false

importers:

  .:
    devDependencies:
      '@rollup/plugin-replace':
        specifier: ^6.0.2
        version: 6.0.2(rollup@4.50.0)
      '@rollup/plugin-terser':
        specifier: ^0.4.4
        version: 0.4.4(rollup@4.50.0)
      '@rollup/plugin-typescript':
        specifier: ^12.1.4
        version: 12.1.4(rollup@4.50.0)(tslib@2.8.1)(typescript@5.9.2)
      '@types/node':
        specifier: ^24.3.0
        version: 24.3.0
      rollup:
        specifier: ^4.50.0
        version: 4.50.0
      rollup-plugin-dts:
        specifier: ^6.2.3
        version: 6.2.3(rollup@4.50.0)(typescript@5.9.2)
      rollup-plugin-tsconfig-paths:
        specifier: ^1.5.2
        version: 1.5.2(rollup@4.50.0)(typescript@5.9.2)
      tslib:
        specifier: ^2.8.1
        version: 2.8.1
      typescript:
        specifier: ^5.9.2
        version: 5.9.2

packages:

  '@babel/code-frame@7.27.1':
    resolution: {integrity: sha512-cjQ7ZlQ0Mv3b47hABuTevyTuYN4i+loJKGeV9flcCgIK37cCXRh+L1bd3iBHlynerhQ7BhCkn2BPbQUL+rGqFg==}
    engines: {node: '>=6.9.0'}

  '@babel/helper-validator-identifier@7.27.1':
    resolution: {integrity: sha512-D2hP9eA+Sqx1kBZgzxZh0y1trbuU+JoDkiEwqhQ36nodYqJwyEIhPSdMNd7lOm/4io72luTPWH20Yda0xOuUow==}
    engines: {node: '>=6.9.0'}

  '@jridgewell/gen-mapping@0.3.13':
    resolution: {integrity: sha512-2kkt/7niJ6MgEPxF0bYdQ6etZaA+fQvDcLKckhy1yIQOzaoKjBBjSj63/aLVjYE3qhRt5dvM+uUyfCg6UKCBbA==}

  '@jridgewell/resolve-uri@3.1.2':
    resolution: {integrity: sha512-bRISgCIjP20/tbWSPWMEi54QVPRZExkuD9lJL+UIxUKtwVJA8wW1Trb1jMs1RFXo1CBTNZ/5hpC9QvmKWdopKw==}
    engines: {node: '>=6.0.0'}

  '@jridgewell/source-map@0.3.11':
    resolution: {integrity: sha512-ZMp1V8ZFcPG5dIWnQLr3NSI1MiCU7UETdS/A0G8V/XWHvJv3ZsFqutJn1Y5RPmAPX6F3BiE397OqveU/9NCuIA==}

  '@jridgewell/sourcemap-codec@1.5.5':
    resolution: {integrity: sha512-cYQ9310grqxueWbl+WuIUIaiUaDcj7WOq5fVhEljNVgRfOUhY9fy2zTvfoqWsnebh8Sl70VScFbICvJnLKB0Og==}

  '@jridgewell/trace-mapping@0.3.30':
    resolution: {integrity: sha512-GQ7Nw5G2lTu/BtHTKfXhKHok2WGetd4XYcVKGx00SjAk8GMwgJM3zr6zORiPGuOE+/vkc90KtTosSSvaCjKb2Q==}

  '@rollup/plugin-replace@6.0.2':
    resolution: {integrity: sha512-7QaYCf8bqF04dOy7w/eHmJeNExxTYwvKAmlSAH/EaWWUzbT0h5sbF6bktFoX/0F/0qwng5/dWFMyf3gzaM8DsQ==}
    engines: {node: '>=14.0.0'}
    peerDependencies:
      rollup: ^1.20.0||^2.0.0||^3.0.0||^4.0.0
    peerDependenciesMeta:
      rollup:
        optional: true

  '@rollup/plugin-terser@0.4.4':
    resolution: {integrity: sha512-XHeJC5Bgvs8LfukDwWZp7yeqin6ns8RTl2B9avbejt6tZqsqvVoWI7ZTQrcNsfKEDWBTnTxM8nMDkO2IFFbd0A==}
    engines: {node: '>=14.0.0'}
    peerDependencies:
      rollup: ^2.0.0||^3.0.0||^4.0.0
    peerDependenciesMeta:
      rollup:
        optional: true

  '@rollup/plugin-typescript@12.1.4':
    resolution: {integrity: sha512-s5Hx+EtN60LMlDBvl5f04bEiFZmAepk27Q+mr85L/00zPDn1jtzlTV6FWn81MaIwqfWzKxmOJrBWHU6vtQyedQ==}
    engines: {node: '>=14.0.0'}
    peerDependencies:
      rollup: ^2.14.0||^3.0.0||^4.0.0
      tslib: '*'
      typescript: '>=3.7.0'
    peerDependenciesMeta:
      rollup:
        optional: true
      tslib:
        optional: true

  '@rollup/pluginutils@5.2.0':
    resolution: {integrity: sha512-qWJ2ZTbmumwiLFomfzTyt5Kng4hwPi9rwCYN4SHb6eaRU1KNO4ccxINHr/VhH4GgPlt1XfSTLX2LBTme8ne4Zw==}
    engines: {node: '>=14.0.0'}
    peerDependencies:
      rollup: ^1.20.0||^2.0.0||^3.0.0||^4.0.0
    peerDependenciesMeta:
      rollup:
        optional: true

  '@rollup/rollup-android-arm-eabi@4.50.0':
    resolution: {integrity: sha512-lVgpeQyy4fWN5QYebtW4buT/4kn4p4IJ+kDNB4uYNT5b8c8DLJDg6titg20NIg7E8RWwdWZORW6vUFfrLyG3KQ==}
    cpu: [arm]
    os: [android]

  '@rollup/rollup-android-arm64@4.50.0':
    resolution: {integrity: sha512-2O73dR4Dc9bp+wSYhviP6sDziurB5/HCym7xILKifWdE9UsOe2FtNcM+I4xZjKrfLJnq5UR8k9riB87gauiQtw==}
    cpu: [arm64]
    os: [android]

  '@rollup/rollup-darwin-arm64@4.50.0':
    resolution: {integrity: sha512-vwSXQN8T4sKf1RHr1F0s98Pf8UPz7pS6P3LG9NSmuw0TVh7EmaE+5Ny7hJOZ0M2yuTctEsHHRTMi2wuHkdS6Hg==}
    cpu: [arm64]
    os: [darwin]

  '@rollup/rollup-darwin-x64@4.50.0':
    resolution: {integrity: sha512-cQp/WG8HE7BCGyFVuzUg0FNmupxC+EPZEwWu2FCGGw5WDT1o2/YlENbm5e9SMvfDFR6FRhVCBePLqj0o8MN7Vw==}
    cpu: [x64]
    os: [darwin]

  '@rollup/rollup-freebsd-arm64@4.50.0':
    resolution: {integrity: sha512-UR1uTJFU/p801DvvBbtDD7z9mQL8J80xB0bR7DqW7UGQHRm/OaKzp4is7sQSdbt2pjjSS72eAtRh43hNduTnnQ==}
    cpu: [arm64]
    os: [freebsd]

  '@rollup/rollup-freebsd-x64@4.50.0':
    resolution: {integrity: sha512-G/DKyS6PK0dD0+VEzH/6n/hWDNPDZSMBmqsElWnCRGrYOb2jC0VSupp7UAHHQ4+QILwkxSMaYIbQ72dktp8pKA==}
    cpu: [x64]
    os: [freebsd]

  '@rollup/rollup-linux-arm-gnueabihf@4.50.0':
    resolution: {integrity: sha512-u72Mzc6jyJwKjJbZZcIYmd9bumJu7KNmHYdue43vT1rXPm2rITwmPWF0mmPzLm9/vJWxIRbao/jrQmxTO0Sm9w==}
    cpu: [arm]
    os: [linux]

  '@rollup/rollup-linux-arm-musleabihf@4.50.0':
    resolution: {integrity: sha512-S4UefYdV0tnynDJV1mdkNawp0E5Qm2MtSs330IyHgaccOFrwqsvgigUD29uT+B/70PDY1eQ3t40+xf6wIvXJyg==}
    cpu: [arm]
    os: [linux]

  '@rollup/rollup-linux-arm64-gnu@4.50.0':
    resolution: {integrity: sha512-1EhkSvUQXJsIhk4msxP5nNAUWoB4MFDHhtc4gAYvnqoHlaL9V3F37pNHabndawsfy/Tp7BPiy/aSa6XBYbaD1g==}
    cpu: [arm64]
    os: [linux]

  '@rollup/rollup-linux-arm64-musl@4.50.0':
    resolution: {integrity: sha512-EtBDIZuDtVg75xIPIK1l5vCXNNCIRM0OBPUG+tbApDuJAy9mKago6QxX+tfMzbCI6tXEhMuZuN1+CU8iDW+0UQ==}
    cpu: [arm64]
    os: [linux]

  '@rollup/rollup-linux-loongarch64-gnu@4.50.0':
    resolution: {integrity: sha512-BGYSwJdMP0hT5CCmljuSNx7+k+0upweM2M4YGfFBjnFSZMHOLYR0gEEj/dxyYJ6Zc6AiSeaBY8dWOa11GF/ppQ==}
    cpu: [loong64]
    os: [linux]

  '@rollup/rollup-linux-ppc64-gnu@4.50.0':
    resolution: {integrity: sha512-I1gSMzkVe1KzAxKAroCJL30hA4DqSi+wGc5gviD0y3IL/VkvcnAqwBf4RHXHyvH66YVHxpKO8ojrgc4SrWAnLg==}
    cpu: [ppc64]
    os: [linux]

  '@rollup/rollup-linux-riscv64-gnu@4.50.0':
    resolution: {integrity: sha512-bSbWlY3jZo7molh4tc5dKfeSxkqnf48UsLqYbUhnkdnfgZjgufLS/NTA8PcP/dnvct5CCdNkABJ56CbclMRYCA==}
    cpu: [riscv64]
    os: [linux]

  '@rollup/rollup-linux-riscv64-musl@4.50.0':
    resolution: {integrity: sha512-LSXSGumSURzEQLT2e4sFqFOv3LWZsEF8FK7AAv9zHZNDdMnUPYH3t8ZlaeYYZyTXnsob3htwTKeWtBIkPV27iQ==}
    cpu: [riscv64]
    os: [linux]

  '@rollup/rollup-linux-s390x-gnu@4.50.0':
    resolution: {integrity: sha512-CxRKyakfDrsLXiCyucVfVWVoaPA4oFSpPpDwlMcDFQvrv3XY6KEzMtMZrA+e/goC8xxp2WSOxHQubP8fPmmjOQ==}
    cpu: [s390x]
    os: [linux]

  '@rollup/rollup-linux-x64-gnu@4.50.0':
    resolution: {integrity: sha512-8PrJJA7/VU8ToHVEPu14FzuSAqVKyo5gg/J8xUerMbyNkWkO9j2ExBho/68RnJsMGNJq4zH114iAttgm7BZVkA==}
    cpu: [x64]
    os: [linux]

  '@rollup/rollup-linux-x64-musl@4.50.0':
    resolution: {integrity: sha512-SkE6YQp+CzpyOrbw7Oc4MgXFvTw2UIBElvAvLCo230pyxOLmYwRPwZ/L5lBe/VW/qT1ZgND9wJfOsdy0XptRvw==}
    cpu: [x64]
    os: [linux]

  '@rollup/rollup-openharmony-arm64@4.50.0':
    resolution: {integrity: sha512-PZkNLPfvXeIOgJWA804zjSFH7fARBBCpCXxgkGDRjjAhRLOR8o0IGS01ykh5GYfod4c2yiiREuDM8iZ+pVsT+Q==}
    cpu: [arm64]
    os: [openharmony]

  '@rollup/rollup-win32-arm64-msvc@4.50.0':
    resolution: {integrity: sha512-q7cIIdFvWQoaCbLDUyUc8YfR3Jh2xx3unO8Dn6/TTogKjfwrax9SyfmGGK6cQhKtjePI7jRfd7iRYcxYs93esg==}
    cpu: [arm64]
    os: [win32]

  '@rollup/rollup-win32-ia32-msvc@4.50.0':
    resolution: {integrity: sha512-XzNOVg/YnDOmFdDKcxxK410PrcbcqZkBmz+0FicpW5jtjKQxcW1BZJEQOF0NJa6JO7CZhett8GEtRN/wYLYJuw==}
    cpu: [ia32]
    os: [win32]

  '@rollup/rollup-win32-x64-msvc@4.50.0':
    resolution: {integrity: sha512-xMmiWRR8sp72Zqwjgtf3QbZfF1wdh8X2ABu3EaozvZcyHJeU0r+XAnXdKgs4cCAp6ORoYoCygipYP1mjmbjrsg==}
    cpu: [x64]
    os: [win32]

  '@types/estree@1.0.8':
    resolution: {integrity: sha512-dWHzHa2WqEXI/O1E9OjrocMTKJl2mSrEolh1Iomrv6U+JuNwaHXsXx9bLu5gG7BUWFIN0skIQJQ/L1rIex4X6w==}

  '@types/node@24.3.0':
    resolution: {integrity: sha512-aPTXCrfwnDLj4VvXrm+UUCQjNEvJgNA8s5F1cvwQU+3KNltTOkBm1j30uNLyqqPNe7gE3KFzImYoZEfLhp4Yow==}

  acorn@8.15.0:
    resolution: {integrity: sha512-NZyJarBfL7nWwIq+FDL6Zp/yHEhePMNnnJ0y3qfieCrmNvYct8uvtiV41UvlSe6apAfk0fY1FbWx+NwfmpvtTg==}
    engines: {node: '>=0.4.0'}
    hasBin: true

  buffer-from@1.1.2:
    resolution: {integrity: sha512-E+XQCRwSbaaiChtv6k6Dwgc+bx+Bs6vuKJHHl5kox/BaKbhiXzqQOwK4cO22yElGp2OCmjwVhT3HmxgyPGnJfQ==}

  commander@2.20.3:
    resolution: {integrity: sha512-GpVkmM8vF2vQUkj2LvZmD35JxeJOLCwJ9cUkugyk2nuhbv3+mJvpLYYt+0+USMxE+oj+ey/lJEnhZw75x/OMcQ==}

  estree-walker@2.0.2:
    resolution: {integrity: sha512-Rfkk/Mp/DL7JVje3u18FxFujQlTNR2q6QfMSMB7AvCBx91NGj/ba3kCfza0f6dVDbw7YlRf/nDrn7pQrCCyQ/w==}

  fsevents@2.3.3:
    resolution: {integrity: sha512-5xoDfX+fL7faATnagmWPpbFtwh/R77WmMMqqHGS65C3vvB0YHrgF+B1YmZ3441tMj5n63k0212XNoJwzlhffQw==}
    engines: {node: ^8.16.0 || ^10.6.0 || >=11.0.0}
    os: [darwin]

  function-bind@1.1.2:
    resolution: {integrity: sha512-7XHNxH7qX9xG5mIwxkhumTox/MIRNcOgDrxWsMt2pAr23WHp6MrRlN7FBSFpCpr+oVO0F744iUgR82nJMfG2SA==}

  hasown@2.0.2:
    resolution: {integrity: sha512-0hJU9SCPvmMzIBdZFqNPXWa6dqh7WdH0cII9y+CyS8rG3nL48Bclra9HmKhVVUHyPWNH5Y7xDwAB7bfgSjkUMQ==}
    engines: {node: '>= 0.4'}

  is-core-module@2.16.1:
    resolution: {integrity: sha512-UfoeMA6fIJ8wTYFEUjelnaGI67v6+N7qXJEvQuIGa99l4xsCruSYOVSQ0uPANn4dAzm8lkYPaKLrrijLq7x23w==}
    engines: {node: '>= 0.4'}

  js-tokens@4.0.0:
    resolution: {integrity: sha512-RdJUflcE3cUzKiMqQgsCu06FPu9UdIJO0beYbPhHN4k6apgJtifcoCtT9bcxOpYBtpD2kCM6Sbzg4CausW/PKQ==}

  magic-string@0.30.18:
    resolution: {integrity: sha512-yi8swmWbO17qHhwIBNeeZxTceJMeBvWJaId6dyvTSOwTipqeHhMhOrz6513r1sOKnpvQ7zkhlG8tPrpilwTxHQ==}

  path-parse@1.0.7:
    resolution: {integrity: sha512-LDJzPVEEEPR+y48z93A0Ed0yXb8pAByGWo/k5YYdYgpY2/2EsOsksJrq7lOHxryrVOn1ejG6oAp8ahvOIQD8sw==}

  picocolors@1.1.1:
    resolution: {integrity: sha512-xceH2snhtb5M9liqDsmEw56le376mTZkEX/jEb/RxNFyegNul7eNslCXP9FDj/Lcu0X8KEyMceP2ntpaHrDEVA==}

  picomatch@4.0.3:
    resolution: {integrity: sha512-5gTmgEY/sqK6gFXLIsQNH19lWb4ebPDLA4SdLP7dsWkIXHWlG66oPuVvXSGFPppYZz8ZDZq0dYYrbHfBCVUb1Q==}
    engines: {node: '>=12'}

  randombytes@2.1.0:
    resolution: {integrity: sha512-vYl3iOX+4CKUWuxGi9Ukhie6fsqXqS9FE2Zaic4tNFD2N2QQaXOMFbuKK4QmDHC0JO6B1Zp41J0LpT0oR68amQ==}

  resolve@1.22.10:
    resolution: {integrity: sha512-NPRy+/ncIMeDlTAsuqwKIiferiawhefFJtkNSW0qZJEqMEb+qBt/77B/jGeeek+F0uOeN05CDa6HXbbIgtVX4w==}
    engines: {node: '>= 0.4'}
    hasBin: true

  rollup-plugin-dts@6.2.3:
    resolution: {integrity: sha512-UgnEsfciXSPpASuOelix7m4DrmyQgiaWBnvI0TM4GxuDh5FkqW8E5hu57bCxXB90VvR1WNfLV80yEDN18UogSA==}
    engines: {node: '>=16'}
    peerDependencies:
      rollup: ^3.29.4 || ^4
      typescript: ^4.5 || ^5.0

  rollup-plugin-tsconfig-paths@1.5.2:
    resolution: {integrity: sha512-tyS7u2Md0eXKwbDfTuDDa1izciwqhOZsHzX7zYc5gKC1L7q5ozdSt+q1jjtD1dDqWyjrt8lZoiLtOQGhMHh1OQ==}
    peerDependencies:
      rollup: ^2 || ^3 || ^4

  rollup@4.50.0:
    resolution: {integrity: sha512-/Zl4D8zPifNmyGzJS+3kVoyXeDeT/GrsJM94sACNg9RtUE0hrHa1bNPtRSrfHTMH5HjRzce6K7rlTh3Khiw+pw==}
    engines: {node: '>=18.0.0', npm: '>=8.0.0'}
    hasBin: true

  safe-buffer@5.2.1:
    resolution: {integrity: sha512-rp3So07KcdmmKbGvgaNxQSJr7bGVSVk5S9Eq1F+ppbRo70+YeaDxkw5Dd8NPN+GD6bjnYm2VuPuCXmpuYvmCXQ==}

  serialize-javascript@6.0.2:
    resolution: {integrity: sha512-Saa1xPByTTq2gdeFZYLLo+RFE35NHZkAbqZeWNd3BpzppeVisAqpDjcp8dyf6uIvEqJRd46jemmyA4iFIeVk8g==}

  smob@1.5.0:
    resolution: {integrity: sha512-g6T+p7QO8npa+/hNx9ohv1E5pVCmWrVCUzUXJyLdMmftX6ER0oiWY/w9knEonLpnOp6b6FenKnMfR8gqwWdwig==}

  source-map-support@0.5.21:
    resolution: {integrity: sha512-uBHU3L3czsIyYXKX88fdrGovxdSCoTGDRZ6SYXtSRxLZUzHg5P/66Ht6uoUlHu9EZod+inXhKo3qQgwXUT/y1w==}

  source-map@0.6.1:
    resolution: {integrity: sha512-UjgapumWlbMhkBgzT7Ykc5YXUT46F0iKu8SGXq0bcwP5dz/h0Plj6enJqjz1Zbq2l5WaqYnrVbwWOWMyF3F47g==}
    engines: {node: '>=0.10.0'}

  supports-preserve-symlinks-flag@1.0.0:
    resolution: {integrity: sha512-ot0WnXS9fgdkgIcePe6RHNk1WA8+muPa6cSjeR3V8K27q9BB1rTE3R1p7Hv0z1ZyAc8s6Vvv8DIyWf681MAt0w==}
    engines: {node: '>= 0.4'}

  terser@5.43.1:
    resolution: {integrity: sha512-+6erLbBm0+LROX2sPXlUYx/ux5PyE9K/a92Wrt6oA+WDAoFTdpHE5tCYCI5PNzq2y8df4rA+QgHLJuR4jNymsg==}
    engines: {node: '>=10'}
    hasBin: true

  tslib@2.8.1:
    resolution: {integrity: sha512-oJFu94HQb+KVduSUQL7wnpmqnfmLsOA/nAh6b6EH0wCEoK0/mPeXU6c3wKDV83MkOuHPRHtSXKKU99IBazS/2w==}

  typescript-paths@1.5.1:
    resolution: {integrity: sha512-lYErSLCON2MSplVV5V/LBgD4UNjMgY3guATdFCZY2q1Nr6OZEu4q6zX/rYMsG1TaWqqQSszg6C9EU7AGWMDrIw==}
    peerDependencies:
      typescript: ^4.7.2 || ^5

  typescript@5.9.2:
    resolution: {integrity: sha512-CWBzXQrc/qOkhidw1OzBTQuYRbfyxDXJMVJ1XNwUHGROVmuaeiEm3OslpZ1RV96d7SKKjZKrSJu3+t/xlw3R9A==}
    engines: {node: '>=14.17'}
    hasBin: true

  undici-types@7.10.0:
    resolution: {integrity: sha512-t5Fy/nfn+14LuOc2KNYg75vZqClpAiqscVvMygNnlsHBFpSXdJaYtXMcdNLpl/Qvc3P2cB3s6lOV51nqsFq4ag==}

snapshots:

  '@babel/code-frame@7.27.1':
    dependencies:
      '@babel/helper-validator-identifier': 7.27.1
      js-tokens: 4.0.0
      picocolors: 1.1.1
    optional: true

  '@babel/helper-validator-identifier@7.27.1':
    optional: true

  '@jridgewell/gen-mapping@0.3.13':
    dependencies:
      '@jridgewell/sourcemap-codec': 1.5.5
      '@jridgewell/trace-mapping': 0.3.30

  '@jridgewell/resolve-uri@3.1.2': {}

  '@jridgewell/source-map@0.3.11':
    dependencies:
      '@jridgewell/gen-mapping': 0.3.13
      '@jridgewell/trace-mapping': 0.3.30

  '@jridgewell/sourcemap-codec@1.5.5': {}

  '@jridgewell/trace-mapping@0.3.30':
    dependencies:
      '@jridgewell/resolve-uri': 3.1.2
      '@jridgewell/sourcemap-codec': 1.5.5

  '@rollup/plugin-replace@6.0.2(rollup@4.50.0)':
    dependencies:
      '@rollup/pluginutils': 5.2.0(rollup@4.50.0)
      magic-string: 0.30.18
    optionalDependencies:
      rollup: 4.50.0

  '@rollup/plugin-terser@0.4.4(rollup@4.50.0)':
    dependencies:
      serialize-javascript: 6.0.2
      smob: 1.5.0
      terser: 5.43.1
    optionalDependencies:
      rollup: 4.50.0

  '@rollup/plugin-typescript@12.1.4(rollup@4.50.0)(tslib@2.8.1)(typescript@5.9.2)':
    dependencies:
      '@rollup/pluginutils': 5.2.0(rollup@4.50.0)
      resolve: 1.22.10
      typescript: 5.9.2
    optionalDependencies:
      rollup: 4.50.0
      tslib: 2.8.1

  '@rollup/pluginutils@5.2.0(rollup@4.50.0)':
    dependencies:
      '@types/estree': 1.0.8
      estree-walker: 2.0.2
      picomatch: 4.0.3
    optionalDependencies:
      rollup: 4.50.0

  '@rollup/rollup-android-arm-eabi@4.50.0':
    optional: true

  '@rollup/rollup-android-arm64@4.50.0':
    optional: true

  '@rollup/rollup-darwin-arm64@4.50.0':
    optional: true

  '@rollup/rollup-darwin-x64@4.50.0':
    optional: true

  '@rollup/rollup-freebsd-arm64@4.50.0':
    optional: true

  '@rollup/rollup-freebsd-x64@4.50.0':
    optional: true

  '@rollup/rollup-linux-arm-gnueabihf@4.50.0':
    optional: true

  '@rollup/rollup-linux-arm-musleabihf@4.50.0':
    optional: true

  '@rollup/rollup-linux-arm64-gnu@4.50.0':
    optional: true

  '@rollup/rollup-linux-arm64-musl@4.50.0':
    optional: true

  '@rollup/rollup-linux-loongarch64-gnu@4.50.0':
    optional: true

  '@rollup/rollup-linux-ppc64-gnu@4.50.0':
    optional: true

  '@rollup/rollup-linux-riscv64-gnu@4.50.0':
    optional: true

  '@rollup/rollup-linux-riscv64-musl@4.50.0':
    optional: true

  '@rollup/rollup-linux-s390x-gnu@4.50.0':
    optional: true

  '@rollup/rollup-linux-x64-gnu@4.50.0':
    optional: true

  '@rollup/rollup-linux-x64-musl@4.50.0':
    optional: true

  '@rollup/rollup-openharmony-arm64@4.50.0':
    optional: true

  '@rollup/rollup-win32-arm64-msvc@4.50.0':
    optional: true

  '@rollup/rollup-win32-ia32-msvc@4.50.0':
    optional: true

  '@rollup/rollup-win32-x64-msvc@4.50.0':
    optional: true

  '@types/estree@1.0.8': {}

  '@types/node@24.3.0':
    dependencies:
      undici-types: 7.10.0

  acorn@8.15.0: {}

  buffer-from@1.1.2: {}

  commander@2.20.3: {}

  estree-walker@2.0.2: {}

  fsevents@2.3.3:
    optional: true

  function-bind@1.1.2: {}

  hasown@2.0.2:
    dependencies:
      function-bind: 1.1.2

  is-core-module@2.16.1:
    dependencies:
      hasown: 2.0.2

  js-tokens@4.0.0:
    optional: true

  magic-string@0.30.18:
    dependencies:
      '@jridgewell/sourcemap-codec': 1.5.5

  path-parse@1.0.7: {}

  picocolors@1.1.1:
    optional: true

  picomatch@4.0.3: {}

  randombytes@2.1.0:
    dependencies:
      safe-buffer: 5.2.1

  resolve@1.22.10:
    dependencies:
      is-core-module: 2.16.1
      path-parse: 1.0.7
      supports-preserve-symlinks-flag: 1.0.0

  rollup-plugin-dts@6.2.3(rollup@4.50.0)(typescript@5.9.2):
    dependencies:
      magic-string: 0.30.18
      rollup: 4.50.0
      typescript: 5.9.2
    optionalDependencies:
      '@babel/code-frame': 7.27.1

  rollup-plugin-tsconfig-paths@1.5.2(rollup@4.50.0)(typescript@5.9.2):
    dependencies:
      rollup: 4.50.0
      typescript-paths: 1.5.1(typescript@5.9.2)
    transitivePeerDependencies:
      - typescript

  rollup@4.50.0:
    dependencies:
      '@types/estree': 1.0.8
    optionalDependencies:
      '@rollup/rollup-android-arm-eabi': 4.50.0
      '@rollup/rollup-android-arm64': 4.50.0
      '@rollup/rollup-darwin-arm64': 4.50.0
      '@rollup/rollup-darwin-x64': 4.50.0
      '@rollup/rollup-freebsd-arm64': 4.50.0
      '@rollup/rollup-freebsd-x64': 4.50.0
      '@rollup/rollup-linux-arm-gnueabihf': 4.50.0
      '@rollup/rollup-linux-arm-musleabihf': 4.50.0
      '@rollup/rollup-linux-arm64-gnu': 4.50.0
      '@rollup/rollup-linux-arm64-musl': 4.50.0
      '@rollup/rollup-linux-loongarch64-gnu': 4.50.0
      '@rollup/rollup-linux-ppc64-gnu': 4.50.0
      '@rollup/rollup-linux-riscv64-gnu': 4.50.0
      '@rollup/rollup-linux-riscv64-musl': 4.50.0
      '@rollup/rollup-linux-s390x-gnu': 4.50.0
      '@rollup/rollup-linux-x64-gnu': 4.50.0
      '@rollup/rollup-linux-x64-musl': 4.50.0
      '@rollup/rollup-openharmony-arm64': 4.50.0
      '@rollup/rollup-win32-arm64-msvc': 4.50.0
      '@rollup/rollup-win32-ia32-msvc': 4.50.0
      '@rollup/rollup-win32-x64-msvc': 4.50.0
      fsevents: 2.3.3

  safe-buffer@5.2.1: {}

  serialize-javascript@6.0.2:
    dependencies:
      randombytes: 2.1.0

  smob@1.5.0: {}

  source-map-support@0.5.21:
    dependencies:
      buffer-from: 1.1.2
      source-map: 0.6.1

  source-map@0.6.1: {}

  supports-preserve-symlinks-flag@1.0.0: {}

  terser@5.43.1:
    dependencies:
      '@jridgewell/source-map': 0.3.11
      acorn: 8.15.0
      commander: 2.20.3
      source-map-support: 0.5.21

  tslib@2.8.1: {}

  typescript-paths@1.5.1(typescript@5.9.2):
    dependencies:
      typescript: 5.9.2

  typescript@5.9.2: {}

  undici-types@7.10.0: {}
